
Microsoft Visual Studio Solution File, Format Version 12.00
# Visual Studio Version 16
VisualStudioVersion = 16.0.30907.101
MinimumVisualStudioVersion = 10.0.40219.1
Project("{FAE04EC0-301F-11D3-BF4B-00C04F79EFBC}") = "XUnitTestProject1", "XUnitTestProject1\XUnitTestProject1.csproj", "{D2A51AD9-9B67-471D-880A-7C7CA2646359}"
EndProject
Global
	GlobalSection(SolutionConfigurationPlatforms) = preSolution
		Debug|Any CPU = Debug|Any CPU
		Release|Any CPU = Release|Any CPU
	EndGlobalSection
	GlobalSection(ProjectConfigurationPlatforms) = postSolution
		{D2A51AD9-9B67-471D-880A-7C7CA2646359}.Debug|Any CPU.ActiveCfg = Debug|Any CPU
		{D2A51AD9-9B67-471D-880A-7C7CA2646359}.Debug|Any CPU.Build.0 = Debug|Any CPU
		{D2A51AD9-9B67-471D-880A-7C7CA2646359}.Release|Any CPU.ActiveCfg = Release|Any CPU
		{D2A51AD9-9B67-471D-880A-7C7CA2646359}.Release|Any CPU.Build.0 = Release|Any CPU
	EndGlobalSection
	GlobalSection(SolutionProperties) = preSolution
		HideSolutionNode = FALSE
	EndGlobalSection
	GlobalSection(ExtensibilityGlobals) = postSolution
		SolutionGuid = {72FF384C-6433-49D0-BCD4-64D71B9F3A30}
	EndGlobalSection
EndGlobal
